
Microsoft Visual Studio Solution File, Format Version 12.00
# Visual Studio Version 17
VisualStudioVersion = 17.14.36915.13 d17.14
MinimumVisualStudioVersion = 10.0.40219.1
Project("{FAE04EC0-301F-11D3-BF4B-00C04F79EFBC}") = "send_picture_to_cloud_iot", "send_picture_to_cloud_iot\send_picture_to_cloud_iot.csproj", "{39AC3FCF-D66C-483F-9D4D-D685C63EAFB4}"
EndProject
Global
	GlobalSection(SolutionConfigurationPlatforms) = preSolution
		Debug|Any CPU = Debug|Any CPU
		Release|Any CPU = Release|Any CPU
	EndGlobalSection
	GlobalSection(ProjectConfigurationPlatforms) = postSolution
		{39AC3FCF-D66C-483F-9D4D-D685C63EAFB4}.Debug|Any CPU.ActiveCfg = Debug|Any CPU
		{39AC3FCF-D66C-483F-9D4D-D685C63EAFB4}.Debug|Any CPU.Build.0 = Debug|Any CPU
		{39AC3FCF-D66C-483F-9D4D-D685C63EAFB4}.Release|Any CPU.ActiveCfg = Release|Any CPU
		{39AC3FCF-D66C-483F-9D4D-D685C63EAFB4}.Release|Any CPU.Build.0 = Release|Any CPU
	EndGlobalSection
	GlobalSection(SolutionProperties) = preSolution
		HideSolutionNode = FALSE
	EndGlobalSection
	GlobalSection(ExtensibilityGlobals) = postSolution
		SolutionGuid = {593C6029-B897-459A-9600-5BD60B09AF0D}
	EndGlobalSection
EndGlobal
